{
  "requires": true,
  "lockfileVersion": 1,
  "dependencies": {
    "jquery": {
      "version": "2.2.4",
      "resolved": "https://registry.npmjs.org/jquery/-/jquery-2.2.4.tgz",
      "integrity": "sha1-LInWiJterFIqfuoywUUhVZxsvwI="
    },
    "pretty-checkbox": {
      "version": "3.0.3",
      "resolved": "https://registry.npmjs.org/pretty-checkbox/-/pretty-checkbox-3.0.3.tgz",
      "integrity": "sha1-1JyAE6j8CO4MLW695FNGS/28Qo4="
    },
    "responsive-tabs": {
      "version": "1.6.3",
      "resolved": "https://registry.npmjs.org/responsive-tabs/-/responsive-tabs-1.6.3.tgz",
      "integrity": "sha1-IgqGUN6ec9cg0/cHbaUBcMReRJE=",
      "requires": {
        "jquery": ">=1.7.2 <3.0.0"
      }
    }
  }
}
